
Microsoft Visual Studio Solution File, Format Version 12.00
# Visual Studio 2013
VisualStudioVersion = 12.0.30501.0
MinimumVisualStudioVersion = 10.0.40219.1
Project("{FAE04EC0-301F-11D3-BF4B-00C04F79EFBC}") = "Cachifier.Build.Tasks", "Cachifier.Build.Tasks\Cachifier.Build.Tasks.csproj", "{96535580-8573-463C-97C7-2843D7EC2767}"
EndProject
Project("{2150E333-8FDC-42A3-9474-1A3956D46DE8}") = "build", "build", "{C2DC0C23-D3B8-4166-93A0-D62BC0666634}"
	ProjectSection(SolutionItems) = preProject
		..\build\build.proj = ..\build\build.proj
		..\build\DownloadNuGet.targets = ..\build\DownloadNuGet.targets
		..\NuGet.Config = ..\NuGet.Config
		..\build\packages.config = ..\build\packages.config
		..\build\Version.targets = ..\build\Version.targets
	EndProjectSection
EndProject
Global
	GlobalSection(SolutionConfigurationPlatforms) = preSolution
		Debug|Any CPU = Debug|Any CPU
		Release|Any CPU = Release|Any CPU
	EndGlobalSection
	GlobalSection(ProjectConfigurationPlatforms) = postSolution
		{96535580-8573-463C-97C7-2843D7EC2767}.Debug|Any CPU.ActiveCfg = Debug|Any CPU
		{96535580-8573-463C-97C7-2843D7EC2767}.Debug|Any CPU.Build.0 = Debug|Any CPU
		{96535580-8573-463C-97C7-2843D7EC2767}.Release|Any CPU.ActiveCfg = Release|Any CPU
		{96535580-8573-463C-97C7-2843D7EC2767}.Release|Any CPU.Build.0 = Release|Any CPU
	EndGlobalSection
	GlobalSection(SolutionProperties) = preSolution
		HideSolutionNode = FALSE
	EndGlobalSection
EndGlobal
